// !$*UTF8*$!
{
	archiveVersion = 1;
	classes = {
	};
	objectVersion = 77;
	objects = {

/* Begin PBXBuildFile section */
		BC9E61093067731000A7D161 /* AppDelegate.swift in Sources */ = {isa = PBXBuildFile; fileRef = BC9E61083067731000A7D161 /* AppDelegate.swift */; };
		BC9E610D3067731000A7D161 /* Main.html in Resources */ = {isa = PBXBuildFile; fileRef = BC9E610B3067731000A7D161 /* Main.html */; };
		BC9E610F3067731000A7D161 /* Icon.png in Resources */ = {isa = PBXBuildFile; fileRef = BC9E610E3067731000A7D161 /* Icon.png */; };
		BC9E61113067731000A7D161 /* Style.css in Resources */ = {isa = PBXBuildFile; fileRef = BC9E61103067731000A7D161 /* Style.css */; };
		BC9E61133067731000A7D161 /* Script.js in Resources */ = {isa = PBXBuildFile; fileRef = BC9E61123067731000A7D161 /* Script.js */; };
		BC9E61153067731000A7D161 /* ViewController.swift in Sources */ = {isa = PBXBuildFile; fileRef = BC9E61143067731000A7D161 /* ViewController.swift */; };
		BC9E61183067731000A7D161 /* Main.storyboard in Resources */ = {isa = PBXBuildFile; fileRef = BC9E61163067731000A7D161 /* Main.storyboard */; };
		BC9E611A3067731200A7D161 /* Assets.xcassets in Resources */ = {isa = PBXBuildFile; fileRef = BC9E61193067731200A7D161 /* Assets.xcassets */; };
		BC9E61213067731200A7D161 /* Stylebot Extension.appex in Embed Foundation Extensions */ = {isa = PBXBuildFile; fileRef = BC9E61203067731200A7D161 /* Stylebot Extension.appex */; settings = {ATTRIBUTES = (RemoveHeadersOnCopy, ); }; };
		BC9E61263067731200A7D161 /* SafariWebExtensionHandler.swift in Sources */ = {isa = PBXBuildFile; fileRef = BC9E61253067731200A7D161 /* SafariWebExtensionHandler.swift */; };
/* End PBXBuildFile section */

/* Begin PBXContainerItemProxy section */
		BC9E61223067731200A7D161 /* PBXContainerItemProxy */ = {
			isa = PBXContainerItemProxy;
			containerPortal = BC9E60FD3067731000A7D161 /* Project object */;
			proxyType = 1;
			remoteGlobalIDString = BC9E611F3067731200A7D161;
			remoteInfo = "Stylebot Extension";
		};
/* End PBXContainerItemProxy section */

/* Begin PBXCopyFilesBuildPhase section */
		BC9E612D3067731200A7D161 /* Embed Foundation Extensions */ = {
			isa = PBXCopyFilesBuildPhase;
			buildActionMask = 2147483647;
			dstPath = "";
			dstSubfolderSpec = 13;
			files = (
				BC9E61213067731200A7D161 /* Stylebot Extension.appex in Embed Foundation Extensions */,
			);
			name = "Embed Foundation Extensions";
			runOnlyForDeploymentPostprocessing = 0;
		};
/* End PBXCopyFilesBuildPhase section */

/* Begin PBXFileReference section */
		BC9E61053067731000A7D161 /* Stylebot.app */ = {isa = PBXFileReference; explicitFileType = wrapper.application; includeInIndex = 0; path = Stylebot.app; sourceTree = BUILT_PRODUCTS_DIR; };
		BC9E61083067731000A7D161 /* AppDelegate.swift */ = {isa = PBXFileReference; lastKnownFileType = sourcecode.swift; path = AppDelegate.swift; sourceTree = "<group>"; };
		BC9E610C3067731000A7D161 /* Base */ = {isa = PBXFileReference; lastKnownFileType = text.html; name = Base; path = Base.lproj/Main.html; sourceTree = "<group>"; };
		BC9E610E3067731000A7D161 /* Icon.png */ = {isa = PBXFileReference; lastKnownFileType = image.png; path = Icon.png; sourceTree = "<group>"; };
		BC9E61103067731000A7D161 /* Style.css */ = {isa = PBXFileReference; lastKnownFileType = text.css; path = Style.css; sourceTree = "<group>"; };
		BC9E61123067731000A7D161 /* Script.js */ = {isa = PBXFileReference; lastKnownFileType = sourcecode.javascript; path = Script.js; sourceTree = "<group>"; };
		BC9E61143067731000A7D161 /* ViewController.swift */ = {isa = PBXFileReference; lastKnownFileType = sourcecode.swift; path = ViewController.swift; sourceTree = "<group>"; };
		BC9E61173067731000A7D161 /* Base */ = {isa = PBXFileReference; lastKnownFileType = file.storyboard; name = Base; path = Base.lproj/Main.storyboard; sourceTree = "<group>"; };
		BC9E61193067731200A7D161 /* Assets.xcassets */ = {isa = PBXFileReference; lastKnownFileType = folder.assetcatalog; path = Assets.xcassets; sourceTree = "<group>"; };
		BC9E611B3067731200A7D161 /* Info.plist */ = {isa = PBXFileReference; lastKnownFileType = text.plist.xml; path = Info.plist; sourceTree = "<group>"; };
		BC9E61203067731200A7D161 /* Stylebot Extension.appex */ = {isa = PBXFileReference; explicitFileType = "wrapper.app-extension"; includeInIndex = 0; path = "Stylebot Extension.appex"; sourceTree = BUILT_PRODUCTS_DIR; };
		BC9E61253067731200A7D161 /* SafariWebExtensionHandler.swift */ = {isa = PBXFileReference; lastKnownFileType = sourcecode.swift; path = SafariWebExtensionHandler.swift; sourceTree = "<group>"; };
		BC9E61273067731200A7D161 /* Info.plist */ = {isa = PBXFileReference; lastKnownFileType = text.plist.xml; path = Info.plist; sourceTree = "<group>"; };
/* End PBXFileReference section */

/* Begin PBXFrameworksBuildPhase section */
		BC9E61023067731000A7D161 /* Frameworks */ = {
			isa = PBXFrameworksBuildPhase;
			buildActionMask = 2147483647;
			files = (
			);
			runOnlyForDeploymentPostprocessing = 0;
		};
		BC9E611D3067731200A7D161 /* Frameworks */ = {
			isa = PBXFrameworksBuildPhase;
			buildActionMask = 2147483647;
			files = (
			);
			runOnlyForDeploymentPostprocessing = 0;
		};
/* End PBXFrameworksBuildPhase section */

/* Begin PBXGroup section */
		BC9E60FC3067731000A7D161 = {
			isa = PBXGroup;
			children = (
				BC9E61073067731000A7D161 /* Stylebot */,
				BC9E61243067731200A7D161 /* Stylebot Extension */,
				BC9E61063067731000A7D161 /* Products */,
			);
			sourceTree = "<group>";
		};
		BC9E61063067731000A7D161 /* Products */ = {
			isa = PBXGroup;
			children = (
				BC9E61053067731000A7D161 /* Stylebot.app */,
				BC9E61203067731200A7D161 /* Stylebot Extension.appex */,
			);
			name = Products;
			sourceTree = "<group>";
		};
		BC9E61073067731000A7D161 /* Stylebot */ = {
			isa = PBXGroup;
			children = (
				BC9E61083067731000A7D161 /* AppDelegate.swift */,
				BC9E61143067731000A7D161 /* ViewController.swift */,
				BC9E61163067731000A7D161 /* Main.storyboard */,
				BC9E61193067731200A7D161 /* Assets.xcassets */,
				BC9E611B3067731200A7D161 /* Info.plist */,
				BC9E610A3067731000A7D161 /* Resources */,
			);
			path = Stylebot;
			sourceTree = "<group>";
		};
		BC9E610A3067731000A7D161 /* Resources */ = {
			isa = PBXGroup;
			children = (
				BC9E610B3067731000A7D161 /* Main.html */,
				BC9E610E3067731000A7D161 /* Icon.png */,
				BC9E61103067731000A7D161 /* Style.css */,
				BC9E61123067731000A7D161 /* Script.js */,
			);
			path = Resources;
			sourceTree = "<group>";
		};
		BC9E61243067731200A7D161 /* Stylebot Extension */ = {
			isa = PBXGroup;
			children = (
				BC9E61253067731200A7D161 /* SafariWebExtensionHandler.swift */,
				BC9E61273067731200A7D161 /* Info.plist */,
			);
			path = "Stylebot Extension";
			sourceTree = "<group>";
		};
/* End PBXGroup section */

/* Begin PBXNativeTarget section */
		BC9E61043067731000A7D161 /* Stylebot */ = {
			isa = PBXNativeTarget;
			buildConfigurationList = BC9E612E3067731200A7D161 /* Build configuration list for PBXNativeTarget "Stylebot" */;
			buildPhases = (
				BC9E61013067731000A7D161 /* Sources */,
				BC9E61023067731000A7D161 /* Frameworks */,
				BC9E61033067731000A7D161 /* Resources */,
				BC9E612D3067731200A7D161 /* Embed Foundation Extensions */,
			);
			buildRules = (
			);
			dependencies = (
				BC9E61233067731200A7D161 /* PBXTargetDependency */,
			);
			name = Stylebot;
			packageProductDependencies = (
			);
			productName = Stylebot;
			productReference = BC9E61053067731000A7D161 /* Stylebot.app */;
			productType = "com.apple.product-type.application";
		};
		BC9E611F3067731200A7D161 /* Stylebot Extension */ = {
			isa = PBXNativeTarget;
			buildConfigurationList = BC9E612A3067731200A7D161 /* Build configuration list for PBXNativeTarget "Stylebot Extension" */;
			buildPhases = (
				BC9E611C3067731200A7D161 /* Sources */,
				BC9E611D3067731200A7D161 /* Frameworks */,
				BC9E611E3067731200A7D161 /* Resources */,
				BC9E61543067731200A7D161 /* Copy safari-dist */,
			);
			buildRules = (
			);
			dependencies = (
			);
			name = "Stylebot Extension";
			packageProductDependencies = (
			);
			productName = "Stylebot Extension";
			productReference = BC9E61203067731200A7D161 /* Stylebot Extension.appex */;
			productType = "com.apple.product-type.app-extension";
		};
/* End PBXNativeTarget section */

/* Begin PBXProject section */
		BC9E60FD3067731000A7D161 /* Project object */ = {
			isa = PBXProject;
			attributes = {
				BuildIndependentTargetsInParallel = 1;
				LastSwiftUpdateCheck = 2660;
				LastUpgradeCheck = 2660;
				TargetAttributes = {
					BC9E61043067731000A7D161 = {
						CreatedOnToolsVersion = 26.6;
					};
					BC9E611F3067731200A7D161 = {
						CreatedOnToolsVersion = 26.6;
					};
				};
			};
			buildConfigurationList = BC9E61003067731000A7D161 /* Build configuration list for PBXProject "Stylebot" */;
			developmentRegion = en;
			hasScannedForEncodings = 0;
			knownRegions = (
				en,
				Base,
			);
			mainGroup = BC9E60FC3067731000A7D161;
			minimizedProjectReferenceProxies = 1;
			preferredProjectObjectVersion = 77;
			productRefGroup = BC9E61063067731000A7D161 /* Products */;
			projectDirPath = "";
			projectRoot = "";
			targets = (
				BC9E61043067731000A7D161 /* Stylebot */,
				BC9E611F3067731200A7D161 /* Stylebot Extension */,
			);
		};
/* End PBXProject section */

/* Begin PBXResourcesBuildPhase section */
		BC9E61033067731000A7D161 /* Resources */ = {
			isa = PBXResourcesBuildPhase;
			buildActionMask = 2147483647;
			files = (
				BC9E610F3067731000A7D161 /* Icon.png in Resources */,
				BC9E61183067731000A7D161 /* Main.storyboard in Resources */,
				BC9E61133067731000A7D161 /* Script.js in Resources */,
				BC9E610D3067731000A7D161 /* Main.html in Resources */,
				BC9E611A3067731200A7D161 /* Assets.xcassets in Resources */,
				BC9E61113067731000A7D161 /* Style.css in Resources */,
			);
			runOnlyForDeploymentPostprocessing = 0;
		};
		BC9E611E3067731200A7D161 /* Resources */ = {
			isa = PBXResourcesBuildPhase;
			buildActionMask = 2147483647;
			files = (
			);
			runOnlyForDeploymentPostprocessing = 0;
		};
/* End PBXResourcesBuildPhase section */

/* Begin PBXShellScriptBuildPhase section */
		BC9E61543067731200A7D161 /* Copy safari-dist */ = {
			isa = PBXShellScriptBuildPhase;
			alwaysOutOfDate = 1;
			buildActionMask = 2147483647;
			files = (
			);
			inputFileListPaths = (
			);
			inputPaths = (
			);
			name = "Copy safari-dist";
			outputFileListPaths = (
			);
			outputPaths = (
			);
			runOnlyForDeploymentPostprocessing = 0;
			shellPath = /bin/sh;
			shellScript = "SRC=\"${SRCROOT}/../../safari-dist/\"\nif [ ! -f \"${SRC}manifest.json\" ]; then\n  echo \"error: safari-dist/ is missing; run yarn build:safari first\"\n  exit 1\nfi\nrsync -a --delete \"$SRC\" \"${TARGET_BUILD_DIR}/${UNLOCALIZED_RESOURCES_FOLDER_PATH}/\"\n";
		};
/* End PBXShellScriptBuildPhase section */

/* Begin PBXSourcesBuildPhase section */
		BC9E61013067731000A7D161 /* Sources */ = {
			isa = PBXSourcesBuildPhase;
			buildActionMask = 2147483647;
			files = (
				BC9E61153067731000A7D161 /* ViewController.swift in Sources */,
				BC9E61093067731000A7D161 /* AppDelegate.swift in Sources */,
			);
			runOnlyForDeploymentPostprocessing = 0;
		};
		BC9E611C3067731200A7D161 /* Sources */ = {
			isa = PBXSourcesBuildPhase;
			buildActionMask = 2147483647;
			files = (
				BC9E61263067731200A7D161 /* SafariWebExtensionHandler.swift in Sources */,
			);
			runOnlyForDeploymentPostprocessing = 0;
		};
/* End PBXSourcesBuildPhase section */

/* Begin PBXTargetDependency section */
		BC9E61233067731200A7D161 /* PBXTargetDependency */ = {
			isa = PBXTargetDependency;
			target = BC9E611F3067731200A7D161 /* Stylebot Extension */;
			targetProxy = BC9E61223067731200A7D161 /* PBXContainerItemProxy */;
		};
/* End PBXTargetDependency section */

/* Begin PBXVariantGroup section */
		BC9E610B3067731000A7D161 /* Main.html */ = {
			isa = PBXVariantGroup;
			children = (
				BC9E610C3067731000A7D161 /* Base */,
			);
			name = Main.html;
			sourceTree = "<group>";
		};
		BC9E61163067731000A7D161 /* Main.storyboard */ = {
			isa = PBXVariantGroup;
			children = (
				BC9E61173067731000A7D161 /* Base */,
			);
			name = Main.storyboard;
			sourceTree = "<group>";
		};
/* End PBXVariantGroup section */

/* Begin XCBuildConfiguration section */
		BC9E61283067731200A7D161 /* Debug */ = {
			isa = XCBuildConfiguration;
			buildSettings = {
				ALWAYS_SEARCH_USER_PATHS = NO;
				ASSETCATALOG_COMPILER_GENERATE_SWIFT_ASSET_SYMBOL_EXTENSIONS = YES;
				CLANG_ANALYZER_NONNULL = YES;
				CLANG_ANALYZER_NUMBER_OBJECT_CONVERSION = YES_AGGRESSIVE;
				CLANG_CXX_LANGUAGE_STANDARD = "gnu++20";
				CLANG_ENABLE_MODULES = YES;
				CLANG_ENABLE_OBJC_ARC = YES;
				CLANG_ENABLE_OBJC_WEAK = YES;
				CLANG_WARN_BLOCK_CAPTURE_AUTORELEASING = YES;
				CLANG_WARN_BOOL_CONVERSION = YES;
				CLANG_WARN_COMMA = YES;
				CLANG_WARN_CONSTANT_CONVERSION = YES;
				CLANG_WARN_DEPRECATED_OBJC_IMPLEMENTATIONS = YES;
				CLANG_WARN_DIRECT_OBJC_ISA_USAGE = YES_ERROR;
				CLANG_WARN_DOCUMENTATION_COMMENTS = YES;
				CLANG_WARN_EMPTY_BODY = YES;
				CLANG_WARN_ENUM_CONVERSION = YES;
				CLANG_WARN_INFINITE_RECURSION = YES;
				CLANG_WARN_INT_CONVERSION = YES;
				CLANG_WARN_NON_LITERAL_NULL_CONVERSION = YES;
				CLANG_WARN_OBJC_IMPLICIT_RETAIN_SELF = YES;
				CLANG_WARN_OBJC_LITERAL_CONVERSION = YES;
				CLANG_WARN_OBJC_ROOT_CLASS = YES_ERROR;
				CLANG_WARN_QUOTED_INCLUDE_IN_FRAMEWORK_HEADER = YES;
				CLANG_WARN_RANGE_LOOP_ANALYSIS = YES;
				CLANG_WARN_STRICT_PROTOTYPES = YES;
				CLANG_WARN_SUSPICIOUS_MOVE = YES;
				CLANG_WARN_UNGUARDED_AVAILABILITY = YES_AGGRESSIVE;
				CLANG_WARN_UNREACHABLE_CODE = YES;
				CLANG_WARN__DUPLICATE_METHOD_MATCH = YES;
				COPY_PHASE_STRIP = NO;
				DEBUG_INFORMATION_FORMAT = dwarf;
				ENABLE_STRICT_OBJC_MSGSEND = YES;
				ENABLE_TESTABILITY = YES;
				ENABLE_USER_SCRIPT_SANDBOXING = YES;
				GCC_C_LANGUAGE_STANDARD = gnu17;
				GCC_DYNAMIC_NO_PIC = NO;
				GCC_NO_COMMON_BLOCKS = YES;
				GCC_OPTIMIZATION_LEVEL = 0;
				GCC_PREPROCESSOR_DEFINITIONS = (
					"DEBUG=1",
					"$(inherited)",
				);
				GCC_WARN_64_TO_32_BIT_CONVERSION = YES;
				GCC_WARN_ABOUT_RETURN_TYPE = YES_ERROR;
				GCC_WARN_UNDECLARED_SELECTOR = YES;
				GCC_WARN_UNINITIALIZED_AUTOS = YES_AGGRESSIVE;
				GCC_WARN_UNUSED_FUNCTION = YES;
				GCC_WARN_UNUSED_VARIABLE = YES;
				LOCALIZATION_PREFERS_STRING_CATALOGS = YES;
				MACOSX_DEPLOYMENT_TARGET = 26.2;
				MTL_ENABLE_DEBUG_INFO = INCLUDE_SOURCE;
				MTL_FAST_MATH = YES;
				ONLY_ACTIVE_ARCH = YES;
				SDKROOT = macosx;
				SWIFT_ACTIVE_COMPILATION_CONDITIONS = "DEBUG $(inherited)";
				SWIFT_OPTIMIZATION_LEVEL = "-Onone";
			};
			name = Debug;
		};
		BC9E61293067731200A7D161 /* Release */ = {
			isa = XCBuildConfiguration;
			buildSettings = {
				ALWAYS_SEARCH_USER_PATHS = NO;
				ASSETCATALOG_COMPILER_GENERATE_SWIFT_ASSET_SYMBOL_EXTENSIONS = YES;
				CLANG_ANALYZER_NONNULL = YES;
				CLANG_ANALYZER_NUMBER_OBJECT_CONVERSION = YES_AGGRESSIVE;
				CLANG_CXX_LANGUAGE_STANDARD = "gnu++20";
				CLANG_ENABLE_MODULES = YES;
				CLANG_ENABLE_OBJC_ARC = YES;
				CLANG_ENABLE_OBJC_WEAK = YES;
				CLANG_WARN_BLOCK_CAPTURE_AUTORELEASING = YES;
				CLANG_WARN_BOOL_CONVERSION = YES;
				CLANG_WARN_COMMA = YES;
				CLANG_WARN_CONSTANT_CONVERSION = YES;
				CLANG_WARN_DEPRECATED_OBJC_IMPLEMENTATIONS = YES;
				CLANG_WARN_DIRECT_OBJC_ISA_USAGE = YES_ERROR;
				CLANG_WARN_DOCUMENTATION_COMMENTS = YES;
				CLANG_WARN_EMPTY_BODY = YES;
				CLANG_WARN_ENUM_CONVERSION = YES;
				CLANG_WARN_INFINITE_RECURSION = YES;
				CLANG_WARN_INT_CONVERSION = YES;
				CLANG_WARN_NON_LITERAL_NULL_CONVERSION = YES;
				CLANG_WARN_OBJC_IMPLICIT_RETAIN_SELF = YES;
				CLANG_WARN_OBJC_LITERAL_CONVERSION = YES;
				CLANG_WARN_OBJC_ROOT_CLASS = YES_ERROR;
				CLANG_WARN_QUOTED_INCLUDE_IN_FRAMEWORK_HEADER = YES;
				CLANG_WARN_RANGE_LOOP_ANALYSIS = YES;
				CLANG_WARN_STRICT_PROTOTYPES = YES;
				CLANG_WARN_SUSPICIOUS_MOVE = YES;
				CLANG_WARN_UNGUARDED_AVAILABILITY = YES_AGGRESSIVE;
				CLANG_WARN_UNREACHABLE_CODE = YES;
				CLANG_WARN__DUPLICATE_METHOD_MATCH = YES;
				COPY_PHASE_STRIP = NO;
				DEBUG_INFORMATION_FORMAT = "dwarf-with-dsym";
				ENABLE_NS_ASSERTIONS = NO;
				ENABLE_STRICT_OBJC_MSGSEND = YES;
				ENABLE_USER_SCRIPT_SANDBOXING = YES;
				GCC_C_LANGUAGE_STANDARD = gnu17;
				GCC_NO_COMMON_BLOCKS = YES;
				GCC_WARN_64_TO_32_BIT_CONVERSION = YES;
				GCC_WARN_ABOUT_RETURN_TYPE = YES_ERROR;
				GCC_WARN_UNDECLARED_SELECTOR = YES;
				GCC_WARN_UNINITIALIZED_AUTOS = YES_AGGRESSIVE;
				GCC_WARN_UNUSED_FUNCTION = YES;
				GCC_WARN_UNUSED_VARIABLE = YES;
				LOCALIZATION_PREFERS_STRING_CATALOGS = YES;
				MACOSX_DEPLOYMENT_TARGET = 26.2;
				MTL_ENABLE_DEBUG_INFO = NO;
				MTL_FAST_MATH = YES;
				SDKROOT = macosx;
				SWIFT_COMPILATION_MODE = wholemodule;
			};
			name = Release;
		};
		BC9E612B3067731200A7D161 /* Debug */ = {
			isa = XCBuildConfiguration;
			buildSettings = {
				CODE_SIGN_STYLE = Automatic;
				CURRENT_PROJECT_VERSION = 1;
				ENABLE_APP_SANDBOX = YES;
				ENABLE_HARDENED_RUNTIME = YES;
				ENABLE_USER_SCRIPT_SANDBOXING = NO;
				ENABLE_USER_SELECTED_FILES = readonly;
				GENERATE_INFOPLIST_FILE = YES;
				INFOPLIST_FILE = "Stylebot Extension/Info.plist";
				INFOPLIST_KEY_CFBundleDisplayName = "Stylebot Extension";
				INFOPLIST_KEY_NSHumanReadableCopyright = "";
				LD_RUNPATH_SEARCH_PATHS = (
					"$(inherited)",
					"@executable_path/../Frameworks",
					"@executable_path/../../../../Frameworks",
				);
				MACOSX_DEPLOYMENT_TARGET = 10.14;
				MARKETING_VERSION = 1.0;
				OTHER_LDFLAGS = (
					"-framework",
					SafariServices,
				);
				PRODUCT_BUNDLE_IDENTIFIER = dev.stylebot.mac.Extension;
				PRODUCT_NAME = "$(TARGET_NAME)";
				SKIP_INSTALL = YES;
				STRING_CATALOG_GENERATE_SYMBOLS = YES;
				SWIFT_APPROACHABLE_CONCURRENCY = YES;
				SWIFT_EMIT_LOC_STRINGS = YES;
				SWIFT_UPCOMING_FEATURE_MEMBER_IMPORT_VISIBILITY = YES;
				SWIFT_VERSION = 5.0;
			};
			name = Debug;
		};
		BC9E612C3067731200A7D161 /* Release */ = {
			isa = XCBuildConfiguration;
			buildSettings = {
				CODE_SIGN_STYLE = Automatic;
				CURRENT_PROJECT_VERSION = 1;
				ENABLE_APP_SANDBOX = YES;
				ENABLE_HARDENED_RUNTIME = YES;
				ENABLE_USER_SCRIPT_SANDBOXING = NO;
				ENABLE_USER_SELECTED_FILES = readonly;
				GENERATE_INFOPLIST_FILE = YES;
				INFOPLIST_FILE = "Stylebot Extension/Info.plist";
				INFOPLIST_KEY_CFBundleDisplayName = "Stylebot Extension";
				INFOPLIST_KEY_NSHumanReadableCopyright = "";
				LD_RUNPATH_SEARCH_PATHS = (
					"$(inherited)",
					"@executable_path/../Frameworks",
					"@executable_path/../../../../Frameworks",
				);
				MACOSX_DEPLOYMENT_TARGET = 10.14;
				MARKETING_VERSION = 1.0;
				OTHER_LDFLAGS = (
					"-framework",
					SafariServices,
				);
				PRODUCT_BUNDLE_IDENTIFIER = dev.stylebot.mac.Extension;
				PRODUCT_NAME = "$(TARGET_NAME)";
				SKIP_INSTALL = YES;
				STRING_CATALOG_GENERATE_SYMBOLS = YES;
				SWIFT_APPROACHABLE_CONCURRENCY = YES;
				SWIFT_EMIT_LOC_STRINGS = YES;
				SWIFT_UPCOMING_FEATURE_MEMBER_IMPORT_VISIBILITY = YES;
				SWIFT_VERSION = 5.0;
			};
			name = Release;
		};
		BC9E612F3067731200A7D161 /* Debug */ = {
			isa = XCBuildConfiguration;
			buildSettings = {
				ASSETCATALOG_COMPILER_APPICON_NAME = AppIcon;
				ASSETCATALOG_COMPILER_GLOBAL_ACCENT_COLOR_NAME = AccentColor;
				CODE_SIGN_STYLE = Automatic;
				COMBINE_HIDPI_IMAGES = YES;
				CURRENT_PROJECT_VERSION = 1;
				ENABLE_APP_SANDBOX = YES;
				ENABLE_HARDENED_RUNTIME = YES;
				ENABLE_OUTGOING_NETWORK_CONNECTIONS = YES;
				ENABLE_USER_SELECTED_FILES = readonly;
				GENERATE_INFOPLIST_FILE = YES;
				INFOPLIST_FILE = Stylebot/Info.plist;
				INFOPLIST_KEY_CFBundleDisplayName = Stylebot;
				INFOPLIST_KEY_NSHumanReadableCopyright = "";
				INFOPLIST_KEY_NSMainStoryboardFile = Main;
				INFOPLIST_KEY_NSPrincipalClass = NSApplication;
				LD_RUNPATH_SEARCH_PATHS = (
					"$(inherited)",
					"@executable_path/../Frameworks",
				);
				MARKETING_VERSION = 1.0;
				OTHER_LDFLAGS = (
					"-framework",
					SafariServices,
					"-framework",
					WebKit,
				);
				PRODUCT_BUNDLE_IDENTIFIER = dev.stylebot.mac;
				PRODUCT_NAME = "$(TARGET_NAME)";
				REGISTER_APP_GROUPS = YES;
				STRING_CATALOG_GENERATE_SYMBOLS = YES;
				SWIFT_APPROACHABLE_CONCURRENCY = YES;
				SWIFT_DEFAULT_ACTOR_ISOLATION = MainActor;
				SWIFT_EMIT_LOC_STRINGS = YES;
				SWIFT_UPCOMING_FEATURE_MEMBER_IMPORT_VISIBILITY = YES;
				SWIFT_VERSION = 5.0;
			};
			name = Debug;
		};
		BC9E61303067731200A7D161 /* Release */ = {
			isa = XCBuildConfiguration;
			buildSettings = {
				ASSETCATALOG_COMPILER_APPICON_NAME = AppIcon;
				ASSETCATALOG_COMPILER_GLOBAL_ACCENT_COLOR_NAME = AccentColor;
				CODE_SIGN_STYLE = Automatic;
				COMBINE_HIDPI_IMAGES = YES;
				CURRENT_PROJECT_VERSION = 1;
				ENABLE_APP_SANDBOX = YES;
				ENABLE_HARDENED_RUNTIME = YES;
				ENABLE_OUTGOING_NETWORK_CONNECTIONS = YES;
				ENABLE_USER_SELECTED_FILES = readonly;
				GENERATE_INFOPLIST_FILE = YES;
				INFOPLIST_FILE = Stylebot/Info.plist;
				INFOPLIST_KEY_CFBundleDisplayName = Stylebot;
				INFOPLIST_KEY_NSHumanReadableCopyright = "";
				INFOPLIST_KEY_NSMainStoryboardFile = Main;
				INFOPLIST_KEY_NSPrincipalClass = NSApplication;
				LD_RUNPATH_SEARCH_PATHS = (
					"$(inherited)",
					"@executable_path/../Frameworks",
				);
				MARKETING_VERSION = 1.0;
				OTHER_LDFLAGS = (
					"-framework",
					SafariServices,
					"-framework",
					WebKit,
				);
				PRODUCT_BUNDLE_IDENTIFIER = dev.stylebot.mac;
				PRODUCT_NAME = "$(TARGET_NAME)";
				REGISTER_APP_GROUPS = YES;
				STRING_CATALOG_GENERATE_SYMBOLS = YES;
				SWIFT_APPROACHABLE_CONCURRENCY = YES;
				SWIFT_DEFAULT_ACTOR_ISOLATION = MainActor;
				SWIFT_EMIT_LOC_STRINGS = YES;
				SWIFT_UPCOMING_FEATURE_MEMBER_IMPORT_VISIBILITY = YES;
				SWIFT_VERSION = 5.0;
			};
			name = Release;
		};
/* End XCBuildConfiguration section */

/* Begin XCConfigurationList section */
		BC9E61003067731000A7D161 /* Build configuration list for PBXProject "Stylebot" */ = {
			isa = XCConfigurationList;
			buildConfigurations = (
				BC9E61283067731200A7D161 /* Debug */,
				BC9E61293067731200A7D161 /* Release */,
			);
			defaultConfigurationIsVisible = 0;
			defaultConfigurationName = Release;
		};
		BC9E612A3067731200A7D161 /* Build configuration list for PBXNativeTarget "Stylebot Extension" */ = {
			isa = XCConfigurationList;
			buildConfigurations = (
				BC9E612B3067731200A7D161 /* Debug */,
				BC9E612C3067731200A7D161 /* Release */,
			);
			defaultConfigurationIsVisible = 0;
			defaultConfigurationName = Release;
		};
		BC9E612E3067731200A7D161 /* Build configuration list for PBXNativeTarget "Stylebot" */ = {
			isa = XCConfigurationList;
			buildConfigurations = (
				BC9E612F3067731200A7D161 /* Debug */,
				BC9E61303067731200A7D161 /* Release */,
			);
			defaultConfigurationIsVisible = 0;
			defaultConfigurationName = Release;
		};
/* End XCConfigurationList section */
	};
	rootObject = BC9E60FD3067731000A7D161 /* Project object */;
}
